
Microsoft Visual Studio Solution File, Format Version 12.00
# Visual Studio Version 17
VisualStudioVersion = 17.5.33414.496
MinimumVisualStudioVersion = 10.0.40219.1
Project("{9A19103F-16F7-4668-BE54-9A1E7A4F7556}") = "I2C2DMP", "I2C2DMP.csproj", "{EC4BE13D-75AB-499D-A95F-EC606FEBDB0D}"
EndProject
Project("{FAE04EC0-301F-11D3-BF4B-00C04F79EFBC}") = "DMP2I2C", "..\DMP2I2C\DMP2I2C.csproj", "{18EDA7DA-F6F9-432D-BF86-8004D2D14D2A}"
EndProject
Global
	GlobalSection(SolutionConfigurationPlatforms) = preSolution
		Debug|Any CPU = Debug|Any CPU
		Release|Any CPU = Release|Any CPU
	EndGlobalSection
	GlobalSection(ProjectConfigurationPlatforms) = postSolution
		{EC4BE13D-75AB-499D-A95F-EC606FEBDB0D}.Debug|Any CPU.ActiveCfg = Debug|Any CPU
		{EC4BE13D-75AB-499D-A95F-EC606FEBDB0D}.Debug|Any CPU.Build.0 = Debug|Any CPU
		{EC4BE13D-75AB-499D-A95F-EC606FEBDB0D}.Release|Any CPU.ActiveCfg = Release|Any CPU
		{EC4BE13D-75AB-499D-A95F-EC606FEBDB0D}.Release|Any CPU.Build.0 = Release|Any CPU
		{18EDA7DA-F6F9-432D-BF86-8004D2D14D2A}.Debug|Any CPU.ActiveCfg = Debug|Any CPU
		{18EDA7DA-F6F9-432D-BF86-8004D2D14D2A}.Debug|Any CPU.Build.0 = Debug|Any CPU
		{18EDA7DA-F6F9-432D-BF86-8004D2D14D2A}.Release|Any CPU.ActiveCfg = Release|Any CPU
		{18EDA7DA-F6F9-432D-BF86-8004D2D14D2A}.Release|Any CPU.Build.0 = Release|Any CPU
	EndGlobalSection
	GlobalSection(SolutionProperties) = preSolution
		HideSolutionNode = FALSE
	EndGlobalSection
	GlobalSection(ExtensibilityGlobals) = postSolution
		SolutionGuid = {22F1CD8B-2375-4930-BF9D-909504376AED}
	EndGlobalSection
EndGlobal
